
Microsoft Visual Studio Solution File, Format Version 12.00
# Visual Studio Version 16
VisualStudioVersion = 16.0.30011.22
MinimumVisualStudioVersion = 10.0.40219.1
Project("{FAE04EC0-301F-11D3-BF4B-00C04F79EFBC}") = "GantSolution.Win", "GantSolution.Win\GantSolution.Win.csproj", "{98CA1615-7076-4270-A911-8F8A496D91BA}"
EndProject
Project("{FAE04EC0-301F-11D3-BF4B-00C04F79EFBC}") = "GantSolution.Module", "GantSolution.Module\GantSolution.Module.csproj", "{1B56FFE9-8E16-44D0-8930-CBBE34CAB0AA}"
EndProject
Project("{FAE04EC0-301F-11D3-BF4B-00C04F79EFBC}") = "GantSolution.Module.Win", "GantSolution.Module.Win\GantSolution.Module.Win.csproj", "{473DF98E-A137-4FD3-86AB-E4E9040BA892}"
EndProject
Global
	GlobalSection(SolutionConfigurationPlatforms) = preSolution
		Debug|Any CPU = Debug|Any CPU
		EasyTest|Any CPU = EasyTest|Any CPU
		Release|Any CPU = Release|Any CPU
	EndGlobalSection
	GlobalSection(ProjectConfigurationPlatforms) = postSolution
		{1B56FFE9-8E16-44D0-8930-CBBE34CAB0AA}.Debug|Any CPU.ActiveCfg = Debug|Any CPU
		{1B56FFE9-8E16-44D0-8930-CBBE34CAB0AA}.Debug|Any CPU.Build.0 = Debug|Any CPU
		{1B56FFE9-8E16-44D0-8930-CBBE34CAB0AA}.EasyTest|Any CPU.ActiveCfg = EasyTest|Any CPU
		{1B56FFE9-8E16-44D0-8930-CBBE34CAB0AA}.EasyTest|Any CPU.Build.0 = EasyTest|Any CPU
		{1B56FFE9-8E16-44D0-8930-CBBE34CAB0AA}.Release|Any CPU.ActiveCfg = Release|Any CPU
		{1B56FFE9-8E16-44D0-8930-CBBE34CAB0AA}.Release|Any CPU.Build.0 = Release|Any CPU
		{473DF98E-A137-4FD3-86AB-E4E9040BA892}.Debug|Any CPU.ActiveCfg = Debug|Any CPU
		{473DF98E-A137-4FD3-86AB-E4E9040BA892}.Debug|Any CPU.Build.0 = Debug|Any CPU
		{473DF98E-A137-4FD3-86AB-E4E9040BA892}.EasyTest|Any CPU.ActiveCfg = EasyTest|Any CPU
		{473DF98E-A137-4FD3-86AB-E4E9040BA892}.EasyTest|Any CPU.Build.0 = EasyTest|Any CPU
		{473DF98E-A137-4FD3-86AB-E4E9040BA892}.Release|Any CPU.ActiveCfg = Release|Any CPU
		{473DF98E-A137-4FD3-86AB-E4E9040BA892}.Release|Any CPU.Build.0 = Release|Any CPU
		{98CA1615-7076-4270-A911-8F8A496D91BA}.Debug|Any CPU.ActiveCfg = Debug|Any CPU
		{98CA1615-7076-4270-A911-8F8A496D91BA}.Debug|Any CPU.Build.0 = Debug|Any CPU
		{98CA1615-7076-4270-A911-8F8A496D91BA}.EasyTest|Any CPU.ActiveCfg = EasyTest|Any CPU
		{98CA1615-7076-4270-A911-8F8A496D91BA}.EasyTest|Any CPU.Build.0 = EasyTest|Any CPU
		{98CA1615-7076-4270-A911-8F8A496D91BA}.Release|Any CPU.ActiveCfg = Release|Any CPU
		{98CA1615-7076-4270-A911-8F8A496D91BA}.Release|Any CPU.Build.0 = Release|Any CPU
	EndGlobalSection
	GlobalSection(SolutionProperties) = preSolution
		HideSolutionNode = FALSE
	EndGlobalSection
	GlobalSection(ExtensibilityGlobals) = postSolution
		SolutionGuid = {384D5562-DEAF-4D41-AF7F-FB795D3682B6}
	EndGlobalSection
EndGlobal
